// !$*UTF8*$!
{
	archiveVersion = 1;
	classes = {
	};
	objectVersion = 46;
	objects = {

/* Begin PBXBuildFile section */
		D608E6521EC34F4500A37AA2 /* Main.storyboard in Resources */ = {isa = PBXBuildFile; fileRef = D608E6501EC34F4500A37AA2 /* Main.storyboard */; };
		D608E6541EC3573B00A37AA2 /* AppelHttp.swift in Sources */ = {isa = PBXBuildFile; fileRef = D608E6531EC3573B00A37AA2 /* AppelHttp.swift */; };
		D63A60F11EC309CD004C0437 /* SearchView.swift in Sources */ = {isa = PBXBuildFile; fileRef = D63A60F01EC309CD004C0437 /* SearchView.swift */; };
		D645910B1EBB5CB200289337 /* MessagerieView.swift in Sources */ = {isa = PBXBuildFile; fileRef = D645910A1EBB5CB200289337 /* MessagerieView.swift */; };
		D645910F1EBB92C200289337 /* Contact.swift in Sources */ = {isa = PBXBuildFile; fileRef = D645910E1EBB92C200289337 /* Contact.swift */; };
		D667F41F1EBB180500B1FE90 /* ProfilView.swift in Sources */ = {isa = PBXBuildFile; fileRef = D667F41E1EBB180500B1FE90 /* ProfilView.swift */; };
		D68B2E211E8D441E0033664A /* Pin.swift in Sources */ = {isa = PBXBuildFile; fileRef = D68B2E201E8D441E0033664A /* Pin.swift */; };
		D698F4F21EDC25A5007DF708 /* GoogleSignIn.bundle in Resources */ = {isa = PBXBuildFile; fileRef = D698F4F11EDC25A5007DF708 /* GoogleSignIn.bundle */; };
		D698F4F41EDC25CE007DF708 /* SafariServices.framework in Frameworks */ = {isa = PBXBuildFile; fileRef = D698F4F31EDC25CE007DF708 /* SafariServices.framework */; };
		D698F4F61EDC25DB007DF708 /* SystemConfiguration.framework in Frameworks */ = {isa = PBXBuildFile; fileRef = D698F4F51EDC25DB007DF708 /* SystemConfiguration.framework */; };
		D698F4FD1EDC4363007DF708 /* File.swift in Sources */ = {isa = PBXBuildFile; fileRef = D698F4FC1EDC4363007DF708 /* File.swift */; };
		D698F5021EDC4799007DF708 /* GoogleAppUtilities.framework in Resources */ = {isa = PBXBuildFile; fileRef = D698F4FE1EDC4799007DF708 /* GoogleAppUtilities.framework */; };
		D698F5031EDC4799007DF708 /* GoogleSignIn.framework in Resources */ = {isa = PBXBuildFile; fileRef = D698F4FF1EDC4799007DF708 /* GoogleSignIn.framework */; };
		D698F5041EDC4799007DF708 /* GoogleSignInDependencies.framework in Resources */ = {isa = PBXBuildFile; fileRef = D698F5001EDC4799007DF708 /* GoogleSignInDependencies.framework */; };
		D698F5051EDC4799007DF708 /* GoogleSymbolUtilities.framework in Resources */ = {isa = PBXBuildFile; fileRef = D698F5011EDC4799007DF708 /* GoogleSymbolUtilities.framework */; };
		D69FA8781EBA187900A25191 /* SignUpView.swift in Sources */ = {isa = PBXBuildFile; fileRef = D69FA8771EBA187900A25191 /* SignUpView.swift */; };
		D69FA87C1EBA20C200A25191 /* ContactView.swift in Sources */ = {isa = PBXBuildFile; fileRef = D69FA87B1EBA20C200A25191 /* ContactView.swift */; };
		D69FA8811EBA29C900A25191 /* PremierTab.swift in Sources */ = {isa = PBXBuildFile; fileRef = D69FA8801EBA29C900A25191 /* PremierTab.swift */; };
		D6D5038A1EB8BDE300CAC2B7 /* ConnectionView.swift in Sources */ = {isa = PBXBuildFile; fileRef = D6D503891EB8BDE300CAC2B7 /* ConnectionView.swift */; };
		D6D741F61E8CF5E9002F785F /* AppDelegate.swift in Sources */ = {isa = PBXBuildFile; fileRef = D6D741F51E8CF5E9002F785F /* AppDelegate.swift */; };
		D6D741F81E8CF5E9002F785F /* MapView.swift in Sources */ = {isa = PBXBuildFile; fileRef = D6D741F71E8CF5E9002F785F /* MapView.swift */; };
		D6D741FD1E8CF5E9002F785F /* Assets.xcassets in Resources */ = {isa = PBXBuildFile; fileRef = D6D741FC1E8CF5E9002F785F /* Assets.xcassets */; };
		D6D742001E8CF5E9002F785F /* LaunchScreen.storyboard in Resources */ = {isa = PBXBuildFile; fileRef = D6D741FE1E8CF5E9002F785F /* LaunchScreen.storyboard */; };
		D6D742091E8D017C002F785F /* MapKit.framework in Frameworks */ = {isa = PBXBuildFile; fileRef = D6D742081E8D017C002F785F /* MapKit.framework */; };
		D6D7420B1E8D0264002F785F /* CoreLocation.framework in Frameworks */ = {isa = PBXBuildFile; fileRef = D6D7420A1E8D0264002F785F /* CoreLocation.framework */; };
/* End PBXBuildFile section */

/* Begin PBXFileReference section */
		D608E6511EC34F4500A37AA2 /* Base */ = {isa = PBXFileReference; lastKnownFileType = file.storyboard; name = Base; path = TP5/Base.lproj/Main.storyboard; sourceTree = "<group>"; };
		D608E6531EC3573B00A37AA2 /* AppelHttp.swift */ = {isa = PBXFileReference; fileEncoding = 4; lastKnownFileType = sourcecode.swift; path = AppelHttp.swift; sourceTree = "<group>"; };
		D63A60F01EC309CD004C0437 /* SearchView.swift */ = {isa = PBXFileReference; fileEncoding = 4; lastKnownFileType = sourcecode.swift; path = SearchView.swift; sourceTree = "<group>"; };
		D645910A1EBB5CB200289337 /* MessagerieView.swift */ = {isa = PBXFileReference; fileEncoding = 4; lastKnownFileType = sourcecode.swift; path = MessagerieView.swift; sourceTree = "<group>"; };
		D645910E1EBB92C200289337 /* Contact.swift */ = {isa = PBXFileReference; fileEncoding = 4; lastKnownFileType = sourcecode.swift; path = Contact.swift; sourceTree = "<group>"; };
		D667F41E1EBB180500B1FE90 /* ProfilView.swift */ = {isa = PBXFileReference; fileEncoding = 4; lastKnownFileType = sourcecode.swift; path = ProfilView.swift; sourceTree = "<group>"; };
		D68B2E201E8D441E0033664A /* Pin.swift */ = {isa = PBXFileReference; fileEncoding = 4; lastKnownFileType = sourcecode.swift; path = Pin.swift; sourceTree = "<group>"; };
		D698F4F11EDC25A5007DF708 /* GoogleSignIn.bundle */ = {isa = PBXFileReference; lastKnownFileType = "wrapper.plug-in"; path = GoogleSignIn.bundle; sourceTree = "<group>"; };
		D698F4F31EDC25CE007DF708 /* SafariServices.framework */ = {isa = PBXFileReference; lastKnownFileType = wrapper.framework; name = SafariServices.framework; path = System/Library/Frameworks/SafariServices.framework; sourceTree = SDKROOT; };
		D698F4F51EDC25DB007DF708 /* SystemConfiguration.framework */ = {isa = PBXFileReference; lastKnownFileType = wrapper.framework; name = SystemConfiguration.framework; path = System/Library/Frameworks/SystemConfiguration.framework; sourceTree = SDKROOT; };
		D698F4F71EDC3E9E007DF708 /* TP5-Bridging-Header.h */ = {isa = PBXFileReference; lastKnownFileType = sourcecode.c.h; path = "TP5-Bridging-Header.h"; sourceTree = "<group>"; };
		D698F4FC1EDC4363007DF708 /* File.swift */ = {isa = PBXFileReference; fileEncoding = 4; lastKnownFileType = sourcecode.swift; path = File.swift; sourceTree = "<group>"; };
		D698F4FE1EDC4799007DF708 /* GoogleAppUtilities.framework */ = {isa = PBXFileReference; lastKnownFileType = wrapper.framework; name = GoogleAppUtilities.framework; path = TP5/GoogleAppUtilities.framework; sourceTree = "<group>"; };
		D698F4FF1EDC4799007DF708 /* GoogleSignIn.framework */ = {isa = PBXFileReference; lastKnownFileType = wrapper.framework; name = GoogleSignIn.framework; path = TP5/GoogleSignIn.framework; sourceTree = "<group>"; };
		D698F5001EDC4799007DF708 /* GoogleSignInDependencies.framework */ = {isa = PBXFileReference; lastKnownFileType = wrapper.framework; name = GoogleSignInDependencies.framework; path = TP5/GoogleSignInDependencies.framework; sourceTree = "<group>"; };
		D698F5011EDC4799007DF708 /* GoogleSymbolUtilities.framework */ = {isa = PBXFileReference; lastKnownFileType = wrapper.framework; name = GoogleSymbolUtilities.framework; path = TP5/GoogleSymbolUtilities.framework; sourceTree = "<group>"; };
		D69FA8771EBA187900A25191 /* SignUpView.swift */ = {isa = PBXFileReference; fileEncoding = 4; lastKnownFileType = sourcecode.swift; path = SignUpView.swift; sourceTree = "<group>"; };
		D69FA87B1EBA20C200A25191 /* ContactView.swift */ = {isa = PBXFileReference; fileEncoding = 4; lastKnownFileType = sourcecode.swift; path = ContactView.swift; sourceTree = "<group>"; };
		D69FA8801EBA29C900A25191 /* PremierTab.swift */ = {isa = PBXFileReference; fileEncoding = 4; lastKnownFileType = sourcecode.swift; path = PremierTab.swift; sourceTree = "<group>"; };
		D6D503891EB8BDE300CAC2B7 /* ConnectionView.swift */ = {isa = PBXFileReference; fileEncoding = 4; lastKnownFileType = sourcecode.swift; path = ConnectionView.swift; sourceTree = "<group>"; };
		D6D741F21E8CF5E9002F785F /* TP5.app */ = {isa = PBXFileReference; explicitFileType = wrapper.application; includeInIndex = 0; path = TP5.app; sourceTree = BUILT_PRODUCTS_DIR; };
		D6D741F51E8CF5E9002F785F /* AppDelegate.swift */ = {isa = PBXFileReference; lastKnownFileType = sourcecode.swift; path = AppDelegate.swift; sourceTree = "<group>"; };
		D6D741F71E8CF5E9002F785F /* MapView.swift */ = {isa = PBXFileReference; lastKnownFileType = sourcecode.swift; path = MapView.swift; sourceTree = "<group>"; };
		D6D741FC1E8CF5E9002F785F /* Assets.xcassets */ = {isa = PBXFileReference; lastKnownFileType = folder.assetcatalog; path = Assets.xcassets; sourceTree = "<group>"; };
		D6D741FF1E8CF5E9002F785F /* Base */ = {isa = PBXFileReference; lastKnownFileType = file.storyboard; name = Base; path = Base.lproj/LaunchScreen.storyboard; sourceTree = "<group>"; };
		D6D742011E8CF5E9002F785F /* Info.plist */ = {isa = PBXFileReference; lastKnownFileType = text.plist.xml; path = Info.plist; sourceTree = "<group>"; };
		D6D742081E8D017C002F785F /* MapKit.framework */ = {isa = PBXFileReference; lastKnownFileType = wrapper.framework; name = MapKit.framework; path = System/Library/Frameworks/MapKit.framework; sourceTree = SDKROOT; };
		D6D7420A1E8D0264002F785F /* CoreLocation.framework */ = {isa = PBXFileReference; lastKnownFileType = wrapper.framework; name = CoreLocation.framework; path = System/Library/Frameworks/CoreLocation.framework; sourceTree = SDKROOT; };
/* End PBXFileReference section */

/* Begin PBXFrameworksBuildPhase section */
		D6D741EF1E8CF5E8002F785F /* Frameworks */ = {
			isa = PBXFrameworksBuildPhase;
			buildActionMask = 2147483647;
			files = (
				D698F4F61EDC25DB007DF708 /* SystemConfiguration.framework in Frameworks */,
				D698F4F41EDC25CE007DF708 /* SafariServices.framework in Frameworks */,
				D6D7420B1E8D0264002F785F /* CoreLocation.framework in Frameworks */,
				D6D742091E8D017C002F785F /* MapKit.framework in Frameworks */,
			);
			runOnlyForDeploymentPostprocessing = 0;
		};
/* End PBXFrameworksBuildPhase section */

/* Begin PBXGroup section */
		D6D741E91E8CF5E8002F785F = {
			isa = PBXGroup;
			children = (
				D698F4FE1EDC4799007DF708 /* GoogleAppUtilities.framework */,
				D698F4FF1EDC4799007DF708 /* GoogleSignIn.framework */,
				D698F5001EDC4799007DF708 /* GoogleSignInDependencies.framework */,
				D698F5011EDC4799007DF708 /* GoogleSymbolUtilities.framework */,
				D6D741F41E8CF5E9002F785F /* TP5 */,
				D6D741F31E8CF5E9002F785F /* Products */,
				D6D742071E8D017C002F785F /* Frameworks */,
			);
			sourceTree = "<group>";
		};
		D6D741F31E8CF5E9002F785F /* Products */ = {
			isa = PBXGroup;
			children = (
				D6D741F21E8CF5E9002F785F /* TP5.app */,
			);
			name = Products;
			sourceTree = "<group>";
		};
		D6D741F41E8CF5E9002F785F /* TP5 */ = {
			isa = PBXGroup;
			children = (
				D698F4F11EDC25A5007DF708 /* GoogleSignIn.bundle */,
				D608E6501EC34F4500A37AA2 /* Main.storyboard */,
				D645910E1EBB92C200289337 /* Contact.swift */,
				D645910A1EBB5CB200289337 /* MessagerieView.swift */,
				D667F41E1EBB180500B1FE90 /* ProfilView.swift */,
				D69FA8801EBA29C900A25191 /* PremierTab.swift */,
				D6D741F51E8CF5E9002F785F /* AppDelegate.swift */,
				D6D741F71E8CF5E9002F785F /* MapView.swift */,
				D6D503891EB8BDE300CAC2B7 /* ConnectionView.swift */,
				D63A60F01EC309CD004C0437 /* SearchView.swift */,
				D69FA8771EBA187900A25191 /* SignUpView.swift */,
				D69FA87B1EBA20C200A25191 /* ContactView.swift */,
				D608E6531EC3573B00A37AA2 /* AppelHttp.swift */,
				D6D741FC1E8CF5E9002F785F /* Assets.xcassets */,
				D6D741FE1E8CF5E9002F785F /* LaunchScreen.storyboard */,
				D6D742011E8CF5E9002F785F /* Info.plist */,
				D68B2E201E8D441E0033664A /* Pin.swift */,
				D698F4F71EDC3E9E007DF708 /* TP5-Bridging-Header.h */,
				D698F4FC1EDC4363007DF708 /* File.swift */,
			);
			path = TP5;
			sourceTree = "<group>";
		};
		D6D742071E8D017C002F785F /* Frameworks */ = {
			isa = PBXGroup;
			children = (
				D698F4F51EDC25DB007DF708 /* SystemConfiguration.framework */,
				D698F4F31EDC25CE007DF708 /* SafariServices.framework */,
				D6D7420A1E8D0264002F785F /* CoreLocation.framework */,
				D6D742081E8D017C002F785F /* MapKit.framework */,
			);
			name = Frameworks;
			sourceTree = "<group>";
		};
/* End PBXGroup section */

/* Begin PBXNativeTarget section */
		D6D741F11E8CF5E8002F785F /* TP5 */ = {
			isa = PBXNativeTarget;
			buildConfigurationList = D6D742041E8CF5E9002F785F /* Build configuration list for PBXNativeTarget "TP5" */;
			buildPhases = (
				D6D741EE1E8CF5E8002F785F /* Sources */,
				D6D741EF1E8CF5E8002F785F /* Frameworks */,
				D6D741F01E8CF5E8002F785F /* Resources */,
			);
			buildRules = (
			);
			dependencies = (
			);
			name = TP5;
			productName = TP5;
			productReference = D6D741F21E8CF5E9002F785F /* TP5.app */;
			productType = "com.apple.product-type.application";
		};
/* End PBXNativeTarget section */

/* Begin PBXProject section */
		D6D741EA1E8CF5E8002F785F /* Project object */ = {
			isa = PBXProject;
			attributes = {
				LastSwiftUpdateCheck = 0800;
				LastUpgradeCheck = 0800;
				ORGANIZATIONNAME = m2sar;
				TargetAttributes = {
					D6D741F11E8CF5E8002F785F = {
						CreatedOnToolsVersion = 8.0;
						LastSwiftMigration = 0800;
						ProvisioningStyle = Automatic;
					};
				};
			};
			buildConfigurationList = D6D741ED1E8CF5E8002F785F /* Build configuration list for PBXProject "TP5" */;
			compatibilityVersion = "Xcode 3.2";
			developmentRegion = English;
			hasScannedForEncodings = 0;
			knownRegions = (
				en,
				Base,
			);
			mainGroup = D6D741E91E8CF5E8002F785F;
			productRefGroup = D6D741F31E8CF5E9002F785F /* Products */;
			projectDirPath = "";
			projectRoot = "";
			targets = (
				D6D741F11E8CF5E8002F785F /* TP5 */,
			);
		};
/* End PBXProject section */

/* Begin PBXResourcesBuildPhase section */
		D6D741F01E8CF5E8002F785F /* Resources */ = {
			isa = PBXResourcesBuildPhase;
			buildActionMask = 2147483647;
			files = (
				D698F5021EDC4799007DF708 /* GoogleAppUtilities.framework in Resources */,
				D698F5031EDC4799007DF708 /* GoogleSignIn.framework in Resources */,
				D698F5041EDC4799007DF708 /* GoogleSignInDependencies.framework in Resources */,
				D698F5051EDC4799007DF708 /* GoogleSymbolUtilities.framework in Resources */,
				D698F4F21EDC25A5007DF708 /* GoogleSignIn.bundle in Resources */,
				D608E6521EC34F4500A37AA2 /* Main.storyboard in Resources */,
				D6D742001E8CF5E9002F785F /* LaunchScreen.storyboard in Resources */,
				D6D741FD1E8CF5E9002F785F /* Assets.xcassets in Resources */,
			);
			runOnlyForDeploymentPostprocessing = 0;
		};
/* End PBXResourcesBuildPhase section */

/* Begin PBXSourcesBuildPhase section */
		D6D741EE1E8CF5E8002F785F /* Sources */ = {
			isa = PBXSourcesBuildPhase;
			buildActionMask = 2147483647;
			files = (
				D608E6541EC3573B00A37AA2 /* AppelHttp.swift in Sources */,
				D68B2E211E8D441E0033664A /* Pin.swift in Sources */,
				D69FA87C1EBA20C200A25191 /* ContactView.swift in Sources */,
				D645910F1EBB92C200289337 /* Contact.swift in Sources */,
				D667F41F1EBB180500B1FE90 /* ProfilView.swift in Sources */,
				D6D5038A1EB8BDE300CAC2B7 /* ConnectionView.swift in Sources */,
				D69FA8811EBA29C900A25191 /* PremierTab.swift in Sources */,
				D69FA8781EBA187900A25191 /* SignUpView.swift in Sources */,
				D6D741F81E8CF5E9002F785F /* MapView.swift in Sources */,
				D6D741F61E8CF5E9002F785F /* AppDelegate.swift in Sources */,
				D698F4FD1EDC4363007DF708 /* File.swift in Sources */,
				D645910B1EBB5CB200289337 /* MessagerieView.swift in Sources */,
				D63A60F11EC309CD004C0437 /* SearchView.swift in Sources */,
			);
			runOnlyForDeploymentPostprocessing = 0;
		};
/* End PBXSourcesBuildPhase section */

/* Begin PBXVariantGroup section */
		D608E6501EC34F4500A37AA2 /* Main.storyboard */ = {
			isa = PBXVariantGroup;
			children = (
				D608E6511EC34F4500A37AA2 /* Base */,
			);
			name = Main.storyboard;
			path = ..;
			sourceTree = "<group>";
		};
		D6D741FE1E8CF5E9002F785F /* LaunchScreen.storyboard */ = {
			isa = PBXVariantGroup;
			children = (
				D6D741FF1E8CF5E9002F785F /* Base */,
			);
			name = LaunchScreen.storyboard;
			sourceTree = "<group>";
		};
/* End PBXVariantGroup section */

/* Begin XCBuildConfiguration section */
		D6D742021E8CF5E9002F785F /* Debug */ = {
			isa = XCBuildConfiguration;
			buildSettings = {
				ALWAYS_SEARCH_USER_PATHS = NO;
				CLANG_ANALYZER_NONNULL = YES;
				CLANG_CXX_LANGUAGE_STANDARD = "gnu++0x";
				CLANG_CXX_LIBRARY = "libc++";
				CLANG_ENABLE_MODULES = YES;
				CLANG_ENABLE_OBJC_ARC = YES;
				CLANG_WARN_BOOL_CONVERSION = YES;
				CLANG_WARN_CONSTANT_CONVERSION = YES;
				CLANG_WARN_DIRECT_OBJC_ISA_USAGE = YES_ERROR;
				CLANG_WARN_DOCUMENTATION_COMMENTS = YES;
				CLANG_WARN_EMPTY_BODY = YES;
				CLANG_WARN_ENUM_CONVERSION = YES;
				CLANG_WARN_INFINITE_RECURSION = YES;
				CLANG_WARN_INT_CONVERSION = YES;
				CLANG_WARN_OBJC_ROOT_CLASS = YES_ERROR;
				CLANG_WARN_SUSPICIOUS_MOVES = YES;
				CLANG_WARN_UNREACHABLE_CODE = YES;
				CLANG_WARN__DUPLICATE_METHOD_MATCH = YES;
				"CODE_SIGN_IDENTITY[sdk=iphoneos*]" = "iPhone Developer";
				COPY_PHASE_STRIP = NO;
				DEBUG_INFORMATION_FORMAT = dwarf;
				ENABLE_STRICT_OBJC_MSGSEND = YES;
				ENABLE_TESTABILITY = YES;
				GCC_C_LANGUAGE_STANDARD = gnu99;
				GCC_DYNAMIC_NO_PIC = NO;
				GCC_NO_COMMON_BLOCKS = YES;
				GCC_OPTIMIZATION_LEVEL = 0;
				GCC_PREPROCESSOR_DEFINITIONS = (
					"DEBUG=1",
					"$(inherited)",
				);
				GCC_WARN_64_TO_32_BIT_CONVERSION = YES;
				GCC_WARN_ABOUT_RETURN_TYPE = YES_ERROR;
				GCC_WARN_UNDECLARED_SELECTOR = YES;
				GCC_WARN_UNINITIALIZED_AUTOS = YES_AGGRESSIVE;
				GCC_WARN_UNUSED_FUNCTION = YES;
				GCC_WARN_UNUSED_VARIABLE = YES;
				IPHONEOS_DEPLOYMENT_TARGET = 10.0;
				MTL_ENABLE_DEBUG_INFO = YES;
				ONLY_ACTIVE_ARCH = YES;
				SDKROOT = iphoneos;
				SWIFT_ACTIVE_COMPILATION_CONDITIONS = DEBUG;
				SWIFT_OPTIMIZATION_LEVEL = "-Onone";
			};
			name = Debug;
		};
		D6D742031E8CF5E9002F785F /* Release */ = {
			isa = XCBuildConfiguration;
			buildSettings = {
				ALWAYS_SEARCH_USER_PATHS = NO;
				CLANG_ANALYZER_NONNULL = YES;
				CLANG_CXX_LANGUAGE_STANDARD = "gnu++0x";
				CLANG_CXX_LIBRARY = "libc++";
				CLANG_ENABLE_MODULES = YES;
				CLANG_ENABLE_OBJC_ARC = YES;
				CLANG_WARN_BOOL_CONVERSION = YES;
				CLANG_WARN_CONSTANT_CONVERSION = YES;
				CLANG_WARN_DIRECT_OBJC_ISA_USAGE = YES_ERROR;
				CLANG_WARN_DOCUMENTATION_COMMENTS = YES;
				CLANG_WARN_EMPTY_BODY = YES;
				CLANG_WARN_ENUM_CONVERSION = YES;
				CLANG_WARN_INFINITE_RECURSION = YES;
				CLANG_WARN_INT_CONVERSION = YES;
				CLANG_WARN_OBJC_ROOT_CLASS = YES_ERROR;
				CLANG_WARN_SUSPICIOUS_MOVES = YES;
				CLANG_WARN_UNREACHABLE_CODE = YES;
				CLANG_WARN__DUPLICATE_METHOD_MATCH = YES;
				"CODE_SIGN_IDENTITY[sdk=iphoneos*]" = "iPhone Developer";
				COPY_PHASE_STRIP = NO;
				DEBUG_INFORMATION_FORMAT = "dwarf-with-dsym";
				ENABLE_NS_ASSERTIONS = NO;
				ENABLE_STRICT_OBJC_MSGSEND = YES;
				GCC_C_LANGUAGE_STANDARD = gnu99;
				GCC_NO_COMMON_BLOCKS = YES;
				GCC_WARN_64_TO_32_BIT_CONVERSION = YES;
				GCC_WARN_ABOUT_RETURN_TYPE = YES_ERROR;
				GCC_WARN_UNDECLARED_SELECTOR = YES;
				GCC_WARN_UNINITIALIZED_AUTOS = YES_AGGRESSIVE;
				GCC_WARN_UNUSED_FUNCTION = YES;
				GCC_WARN_UNUSED_VARIABLE = YES;
				IPHONEOS_DEPLOYMENT_TARGET = 10.0;
				MTL_ENABLE_DEBUG_INFO = NO;
				SDKROOT = iphoneos;
				SWIFT_OPTIMIZATION_LEVEL = "-Owholemodule";
				VALIDATE_PRODUCT = YES;
			};
			name = Release;
		};
		D6D742051E8CF5E9002F785F /* Debug */ = {
			isa = XCBuildConfiguration;
			buildSettings = {
				ASSETCATALOG_COMPILER_APPICON_NAME = AppIcon;
				CLANG_ENABLE_MODULES = YES;
				INFOPLIST_FILE = TP5/Info.plist;
				LD_RUNPATH_SEARCH_PATHS = "$(inherited) @executable_path/Frameworks";
				OTHER_LDFLAGS = (
					"$(OTHER_LDFLAGS)",
					"-ObjC",
				);
				"OTHER_LDFLAGS[arch=*]" = "";
				PRODUCT_BUNDLE_IDENTIFIER = montest.TP5;
				PRODUCT_NAME = "$(TARGET_NAME)";
				SWIFT_OBJC_BRIDGING_HEADER = "TP5/TP5-Bridging-Header.h";
				SWIFT_OPTIMIZATION_LEVEL = "-Onone";
				SWIFT_VERSION = 3.0;
			};
			name = Debug;
		};
		D6D742061E8CF5E9002F785F /* Release */ = {
			isa = XCBuildConfiguration;
			buildSettings = {
				ASSETCATALOG_COMPILER_APPICON_NAME = AppIcon;
				CLANG_ENABLE_MODULES = YES;
				INFOPLIST_FILE = TP5/Info.plist;
				LD_RUNPATH_SEARCH_PATHS = "$(inherited) @executable_path/Frameworks";
				OTHER_LDFLAGS = (
					"$(OTHER_LDFLAGS)",
					"-ObjC",
				);
				PRODUCT_BUNDLE_IDENTIFIER = montest.TP5;
				PRODUCT_NAME = "$(TARGET_NAME)";
				SWIFT_OBJC_BRIDGING_HEADER = "TP5/TP5-Bridging-Header.h";
				SWIFT_VERSION = 3.0;
			};
			name = Release;
		};
/* End XCBuildConfiguration section */

/* Begin XCConfigurationList section */
		D6D741ED1E8CF5E8002F785F /* Build configuration list for PBXProject "TP5" */ = {
			isa = XCConfigurationList;
			buildConfigurations = (
				D6D742021E8CF5E9002F785F /* Debug */,
				D6D742031E8CF5E9002F785F /* Release */,
			);
			defaultConfigurationIsVisible = 0;
			defaultConfigurationName = Release;
		};
		D6D742041E8CF5E9002F785F /* Build configuration list for PBXNativeTarget "TP5" */ = {
			isa = XCConfigurationList;
			buildConfigurations = (
				D6D742051E8CF5E9002F785F /* Debug */,
				D6D742061E8CF5E9002F785F /* Release */,
			);
			defaultConfigurationIsVisible = 0;
			defaultConfigurationName = Release;
		};
/* End XCConfigurationList section */
	};
	rootObject = D6D741EA1E8CF5E8002F785F /* Project object */;
}
